
Microsoft Visual Studio Solution File, Format Version 12.00
# Visual Studio Version 17
VisualStudioVersion = 17.3.32929.385
MinimumVisualStudioVersion = 10.0.40219.1
Project("{9A19103F-16F7-4668-BE54-9A1E7A4F7556}") = "APChangeKitAPI", "APChangeKitAPI\APChangeKitAPI.csproj", "{4E6DCBE6-386A-4850-BF46-D69065C959D2}"
EndProject
Project("{FAE04EC0-301F-11D3-BF4B-00C04F79EFBC}") = "TestProject", "TestProject\TestProject.csproj", "{B0BE8070-2E5A-498B-B11C-9B3B2CC9A6F9}"
EndProject
Global
	GlobalSection(SolutionConfigurationPlatforms) = preSolution
		Debug|Any CPU = Debug|Any CPU
		Release|Any CPU = Release|Any CPU
	EndGlobalSection
	GlobalSection(ProjectConfigurationPlatforms) = postSolution
		{4E6DCBE6-386A-4850-BF46-D69065C959D2}.Debug|Any CPU.ActiveCfg = Debug|Any CPU
		{4E6DCBE6-386A-4850-BF46-D69065C959D2}.Debug|Any CPU.Build.0 = Debug|Any CPU
		{4E6DCBE6-386A-4850-BF46-D69065C959D2}.Release|Any CPU.ActiveCfg = Release|Any CPU
		{4E6DCBE6-386A-4850-BF46-D69065C959D2}.Release|Any CPU.Build.0 = Release|Any CPU
		{B0BE8070-2E5A-498B-B11C-9B3B2CC9A6F9}.Debug|Any CPU.ActiveCfg = Debug|Any CPU
		{B0BE8070-2E5A-498B-B11C-9B3B2CC9A6F9}.Debug|Any CPU.Build.0 = Debug|Any CPU
		{B0BE8070-2E5A-498B-B11C-9B3B2CC9A6F9}.Release|Any CPU.ActiveCfg = Release|Any CPU
		{B0BE8070-2E5A-498B-B11C-9B3B2CC9A6F9}.Release|Any CPU.Build.0 = Release|Any CPU
	EndGlobalSection
	GlobalSection(SolutionProperties) = preSolution
		HideSolutionNode = FALSE
	EndGlobalSection
	GlobalSection(ExtensibilityGlobals) = postSolution
		SolutionGuid = {78F1C873-4568-4532-9259-18BBC4E0D905}
	EndGlobalSection
EndGlobal
